// !$*UTF8*$!
{
	archiveVersion = 1;
	classes = {
	};
	objectVersion = 50;
	objects = {

/* Begin PBXBuildFile section */
		A71915F42258113500114400 /* AppDelegate.swift in Sources */ = {isa = PBXBuildFile; fileRef = A71915F32258113500114400 /* AppDelegate.swift */; };
		A71915F62258113500114400 /* ViewController.swift in Sources */ = {isa = PBXBuildFile; fileRef = A71915F52258113500114400 /* ViewController.swift */; };
		A71915F92258113500114400 /* Main.storyboard in Resources */ = {isa = PBXBuildFile; fileRef = A71915F72258113500114400 /* Main.storyboard */; };
		A71915FB2258113C00114400 /* Assets.xcassets in Resources */ = {isa = PBXBuildFile; fileRef = A71915FA2258113C00114400 /* Assets.xcassets */; };
		A71915FE2258113C00114400 /* LaunchScreen.storyboard in Resources */ = {isa = PBXBuildFile; fileRef = A71915FC2258113C00114400 /* LaunchScreen.storyboard */; };
		A71916092258113D00114400 /* PhotoDemoTests.swift in Sources */ = {isa = PBXBuildFile; fileRef = A71916082258113D00114400 /* PhotoDemoTests.swift */; };
		A71916142258113D00114400 /* PhotoDemoUITests.swift in Sources */ = {isa = PBXBuildFile; fileRef = A71916132258113D00114400 /* PhotoDemoUITests.swift */; };
/* End PBXBuildFile section */

/* Begin PBXContainerItemProxy section */
		A71916052258113D00114400 /* PBXContainerItemProxy */ = {
			isa = PBXContainerItemProxy;
			containerPortal = A71915E82258113500114400 /* Project object */;
			proxyType = 1;
			remoteGlobalIDString = A71915EF2258113500114400;
			remoteInfo = PhotoDemo;
		};
		A71916102258113D00114400 /* PBXContainerItemProxy */ = {
			isa = PBXContainerItemProxy;
			containerPortal = A71915E82258113500114400 /* Project object */;
			proxyType = 1;
			remoteGlobalIDString = A71915EF2258113500114400;
			remoteInfo = PhotoDemo;
		};
/* End PBXContainerItemProxy section */

/* Begin PBXFileReference section */
		A71915F02258113500114400 /* PhotoDemo.app */ = {isa = PBXFileReference; explicitFileType = wrapper.application; includeInIndex = 0; path = PhotoDemo.app; sourceTree = BUILT_PRODUCTS_DIR; };
		A71915F32258113500114400 /* AppDelegate.swift */ = {isa = PBXFileReference; lastKnownFileType = sourcecode.swift; path = AppDelegate.swift; sourceTree = "<group>"; };
		A71915F52258113500114400 /* ViewController.swift */ = {isa = PBXFileReference; lastKnownFileType = sourcecode.swift; path = ViewController.swift; sourceTree = "<group>"; };
		A71915F82258113500114400 /* Base */ = {isa = PBXFileReference; lastKnownFileType = file.storyboard; name = Base; path = Base.lproj/Main.storyboard; sourceTree = "<group>"; };
		A71915FA2258113C00114400 /* Assets.xcassets */ = {isa = PBXFileReference; lastKnownFileType = folder.assetcatalog; path = Assets.xcassets; sourceTree = "<group>"; };
		A71915FD2258113C00114400 /* Base */ = {isa = PBXFileReference; lastKnownFileType = file.storyboard; name = Base; path = Base.lproj/LaunchScreen.storyboard; sourceTree = "<group>"; };
		A71915FF2258113C00114400 /* Info.plist */ = {isa = PBXFileReference; lastKnownFileType = text.plist.xml; path = Info.plist; sourceTree = "<group>"; };
		A71916042258113D00114400 /* PhotoDemoTests.xctest */ = {isa = PBXFileReference; explicitFileType = wrapper.cfbundle; includeInIndex = 0; path = PhotoDemoTests.xctest; sourceTree = BUILT_PRODUCTS_DIR; };
		A71916082258113D00114400 /* PhotoDemoTests.swift */ = {isa = PBXFileReference; lastKnownFileType = sourcecode.swift; path = PhotoDemoTests.swift; sourceTree = "<group>"; };
		A719160A2258113D00114400 /* Info.plist */ = {isa = PBXFileReference; lastKnownFileType = text.plist.xml; path = Info.plist; sourceTree = "<group>"; };
		A719160F2258113D00114400 /* PhotoDemoUITests.xctest */ = {isa = PBXFileReference; explicitFileType = wrapper.cfbundle; includeInIndex = 0; path = PhotoDemoUITests.xctest; sourceTree = BUILT_PRODUCTS_DIR; };
		A71916132258113D00114400 /* PhotoDemoUITests.swift */ = {isa = PBXFileReference; lastKnownFileType = sourcecode.swift; path = PhotoDemoUITests.swift; sourceTree = "<group>"; };
		A71916152258113D00114400 /* Info.plist */ = {isa = PBXFileReference; lastKnownFileType = text.plist.xml; path = Info.plist; sourceTree = "<group>"; };
/* End PBXFileReference section */

/* Begin PBXFrameworksBuildPhase section */
		A71915ED2258113500114400 /* Frameworks */ = {
			isa = PBXFrameworksBuildPhase;
			buildActionMask = 2147483647;
			files = (
			);
			runOnlyForDeploymentPostprocessing = 0;
		};
		A71916012258113D00114400 /* Frameworks */ = {
			isa = PBXFrameworksBuildPhase;
			buildActionMask = 2147483647;
			files = (
			);
			runOnlyForDeploymentPostprocessing = 0;
		};
		A719160C2258113D00114400 /* Frameworks */ = {
			isa = PBXFrameworksBuildPhase;
			buildActionMask = 2147483647;
			files = (
			);
			runOnlyForDeploymentPostprocessing = 0;
		};
/* End PBXFrameworksBuildPhase section */

/* Begin PBXGroup section */
		A71915E72258113500114400 = {
			isa = PBXGroup;
			children = (
				A71915F22258113500114400 /* PhotoDemo */,
				A71916072258113D00114400 /* PhotoDemoTests */,
				A71916122258113D00114400 /* PhotoDemoUITests */,
				A71915F12258113500114400 /* Products */,
			);
			sourceTree = "<group>";
		};
		A71915F12258113500114400 /* Products */ = {
			isa = PBXGroup;
			children = (
				A71915F02258113500114400 /* PhotoDemo.app */,
				A71916042258113D00114400 /* PhotoDemoTests.xctest */,
				A719160F2258113D00114400 /* PhotoDemoUITests.xctest */,
			);
			name = Products;
			sourceTree = "<group>";
		};
		A71915F22258113500114400 /* PhotoDemo */ = {
			isa = PBXGroup;
			children = (
				A71915F32258113500114400 /* AppDelegate.swift */,
				A71915F52258113500114400 /* ViewController.swift */,
				A71915F72258113500114400 /* Main.storyboard */,
				A71915FA2258113C00114400 /* Assets.xcassets */,
				A71915FC2258113C00114400 /* LaunchScreen.storyboard */,
				A71915FF2258113C00114400 /* Info.plist */,
			);
			path = PhotoDemo;
			sourceTree = "<group>";
		};
		A71916072258113D00114400 /* PhotoDemoTests */ = {
			isa = PBXGroup;
			children = (
				A71916082258113D00114400 /* PhotoDemoTests.swift */,
				A719160A2258113D00114400 /* Info.plist */,
			);
			path = PhotoDemoTests;
			sourceTree = "<group>";
		};
		A71916122258113D00114400 /* PhotoDemoUITests */ = {
			isa = PBXGroup;
			children = (
				A71916132258113D00114400 /* PhotoDemoUITests.swift */,
				A71916152258113D00114400 /* Info.plist */,
			);
			path = PhotoDemoUITests;
			sourceTree = "<group>";
		};
/* End PBXGroup section */

/* Begin PBXNativeTarget section */
		A71915EF2258113500114400 /* PhotoDemo */ = {
			isa = PBXNativeTarget;
			buildConfigurationList = A71916182258113D00114400 /* Build configuration list for PBXNativeTarget "PhotoDemo" */;
			buildPhases = (
				A71915EC2258113500114400 /* Sources */,
				A71915ED2258113500114400 /* Frameworks */,
				A71915EE2258113500114400 /* Resources */,
			);
			buildRules = (
			);
			dependencies = (
			);
			name = PhotoDemo;
			productName = PhotoDemo;
			productReference = A71915F02258113500114400 /* PhotoDemo.app */;
			productType = "com.apple.product-type.application";
		};
		A71916032258113D00114400 /* PhotoDemoTests */ = {
			isa = PBXNativeTarget;
			buildConfigurationList = A719161B2258113D00114400 /* Build configuration list for PBXNativeTarget "PhotoDemoTests" */;
			buildPhases = (
				A71916002258113D00114400 /* Sources */,
				A71916012258113D00114400 /* Frameworks */,
				A71916022258113D00114400 /* Resources */,
			);
			buildRules = (
			);
			dependencies = (
				A71916062258113D00114400 /* PBXTargetDependency */,
			);
			name = PhotoDemoTests;
			productName = PhotoDemoTests;
			productReference = A71916042258113D00114400 /* PhotoDemoTests.xctest */;
			productType = "com.apple.product-type.bundle.unit-test";
		};
		A719160E2258113D00114400 /* PhotoDemoUITests */ = {
			isa = PBXNativeTarget;
			buildConfigurationList = A719161E2258113D00114400 /* Build configuration list for PBXNativeTarget "PhotoDemoUITests" */;
			buildPhases = (
				A719160B2258113D00114400 /* Sources */,
				A719160C2258113D00114400 /* Frameworks */,
				A719160D2258113D00114400 /* Resources */,
			);
			buildRules = (
			);
			dependencies = (
				A71916112258113D00114400 /* PBXTargetDependency */,
			);
			name = PhotoDemoUITests;
			productName = PhotoDemoUITests;
			productReference = A719160F2258113D00114400 /* PhotoDemoUITests.xctest */;
			productType = "com.apple.product-type.bundle.ui-testing";
		};
/* End PBXNativeTarget section */

/* Begin PBXProject section */
		A71915E82258113500114400 /* Project object */ = {
			isa = PBXProject;
			attributes = {
				LastSwiftUpdateCheck = 1010;
				LastUpgradeCheck = 1010;
				ORGANIZATIONNAME = "Ricardo Hui";
				TargetAttributes = {
					A71915EF2258113500114400 = {
						CreatedOnToolsVersion = 10.1;
					};
					A71916032258113D00114400 = {
						CreatedOnToolsVersion = 10.1;
						TestTargetID = A71915EF2258113500114400;
					};
					A719160E2258113D00114400 = {
						CreatedOnToolsVersion = 10.1;
						TestTargetID = A71915EF2258113500114400;
					};
				};
			};
			buildConfigurationList = A71915EB2258113500114400 /* Build configuration list for PBXProject "PhotoDemo" */;
			compatibilityVersion = "Xcode 9.3";
			developmentRegion = en;
			hasScannedForEncodings = 0;
			knownRegions = (
				en,
				Base,
			);
			mainGroup = A71915E72258113500114400;
			productRefGroup = A71915F12258113500114400 /* Products */;
			projectDirPath = "";
			projectRoot = "";
			targets = (
				A71915EF2258113500114400 /* PhotoDemo */,
				A71916032258113D00114400 /* PhotoDemoTests */,
				A719160E2258113D00114400 /* PhotoDemoUITests */,
			);
		};
/* End PBXProject section */

/* Begin PBXResourcesBuildPhase section */
		A71915EE2258113500114400 /* Resources */ = {
			isa = PBXResourcesBuildPhase;
			buildActionMask = 2147483647;
			files = (
				A71915FE2258113C00114400 /* LaunchScreen.storyboard in Resources */,
				A71915FB2258113C00114400 /* Assets.xcassets in Resources */,
				A71915F92258113500114400 /* Main.storyboard in Resources */,
			);
			runOnlyForDeploymentPostprocessing = 0;
		};
		A71916022258113D00114400 /* Resources */ = {
			isa = PBXResourcesBuildPhase;
			buildActionMask = 2147483647;
			files = (
			);
			runOnlyForDeploymentPostprocessing = 0;
		};
		A719160D2258113D00114400 /* Resources */ = {
			isa = PBXResourcesBuildPhase;
			buildActionMask = 2147483647;
			files = (
			);
			runOnlyForDeploymentPostprocessing = 0;
		};
/* End PBXResourcesBuildPhase section */

/* Begin PBXSourcesBuildPhase section */
		A71915EC2258113500114400 /* Sources */ = {
			isa = PBXSourcesBuildPhase;
			buildActionMask = 2147483647;
			files = (
				A71915F62258113500114400 /* ViewController.swift in Sources */,
				A71915F42258113500114400 /* AppDelegate.swift in Sources */,
			);
			runOnlyForDeploymentPostprocessing = 0;
		};
		A71916002258113D00114400 /* Sources */ = {
			isa = PBXSourcesBuildPhase;
			buildActionMask = 2147483647;
			files = (
				A71916092258113D00114400 /* PhotoDemoTests.swift in Sources */,
			);
			runOnlyForDeploymentPostprocessing = 0;
		};
		A719160B2258113D00114400 /* Sources */ = {
			isa = PBXSourcesBuildPhase;
			buildActionMask = 2147483647;
			files = (
				A71916142258113D00114400 /* PhotoDemoUITests.swift in Sources */,
			);
			runOnlyForDeploymentPostprocessing = 0;
		};
/* End PBXSourcesBuildPhase section */

/* Begin PBXTargetDependency section */
		A71916062258113D00114400 /* PBXTargetDependency */ = {
			isa = PBXTargetDependency;
			target = A71915EF2258113500114400 /* PhotoDemo */;
			targetProxy = A71916052258113D00114400 /* PBXContainerItemProxy */;
		};
		A71916112258113D00114400 /* PBXTargetDependency */ = {
			isa = PBXTargetDependency;
			target = A71915EF2258113500114400 /* PhotoDemo */;
			targetProxy = A71916102258113D00114400 /* PBXContainerItemProxy */;
		};
/* End PBXTargetDependency section */

/* Begin PBXVariantGroup section */
		A71915F72258113500114400 /* Main.storyboard */ = {
			isa = PBXVariantGroup;
			children = (
				A71915F82258113500114400 /* Base */,
			);
			name = Main.storyboard;
			sourceTree = "<group>";
		};
		A71915FC2258113C00114400 /* LaunchScreen.storyboard */ = {
			isa = PBXVariantGroup;
			children = (
				A71915FD2258113C00114400 /* Base */,
			);
			name = LaunchScreen.storyboard;
			sourceTree = "<group>";
		};
/* End PBXVariantGroup section */

/* Begin XCBuildConfiguration section */
		A71916162258113D00114400 /* Debug */ = {
			isa = XCBuildConfiguration;
			buildSettings = {
				ALWAYS_SEARCH_USER_PATHS = NO;
				CLANG_ANALYZER_NONNULL = YES;
				CLANG_ANALYZER_NUMBER_OBJECT_CONVERSION = YES_AGGRESSIVE;
				CLANG_CXX_LANGUAGE_STANDARD = "gnu++14";
				CLANG_CXX_LIBRARY = "libc++";
				CLANG_ENABLE_MODULES = YES;
				CLANG_ENABLE_OBJC_ARC = YES;
				CLANG_ENABLE_OBJC_WEAK = YES;
				CLANG_WARN_BLOCK_CAPTURE_AUTORELEASING = YES;
				CLANG_WARN_BOOL_CONVERSION = YES;
				CLANG_WARN_COMMA = YES;
				CLANG_WARN_CONSTANT_CONVERSION = YES;
				CLANG_WARN_DEPRECATED_OBJC_IMPLEMENTATIONS = YES;
				CLANG_WARN_DIRECT_OBJC_ISA_USAGE = YES_ERROR;
				CLANG_WARN_DOCUMENTATION_COMMENTS = YES;
				CLANG_WARN_EMPTY_BODY = YES;
				CLANG_WARN_ENUM_CONVERSION = YES;
				CLANG_WARN_INFINITE_RECURSION = YES;
				CLANG_WARN_INT_CONVERSION = YES;
				CLANG_WARN_NON_LITERAL_NULL_CONVERSION = YES;
				CLANG_WARN_OBJC_IMPLICIT_RETAIN_SELF = YES;
				CLANG_WARN_OBJC_LITERAL_CONVERSION = YES;
				CLANG_WARN_OBJC_ROOT_CLASS = YES_ERROR;
				CLANG_WARN_RANGE_LOOP_ANALYSIS = YES;
				CLANG_WARN_STRICT_PROTOTYPES = YES;
				CLANG_WARN_SUSPICIOUS_MOVE = YES;
				CLANG_WARN_UNGUARDED_AVAILABILITY = YES_AGGRESSIVE;
				CLANG_WARN_UNREACHABLE_CODE = YES;
				CLANG_WARN__DUPLICATE_METHOD_MATCH = YES;
				CODE_SIGN_IDENTITY = "iPhone Developer";
				COPY_PHASE_STRIP = NO;
				DEBUG_INFORMATION_FORMAT = dwarf;
				ENABLE_STRICT_OBJC_MSGSEND = YES;
				ENABLE_TESTABILITY = YES;
				GCC_C_LANGUAGE_STANDARD = gnu11;
				GCC_DYNAMIC_NO_PIC = NO;
				GCC_NO_COMMON_BLOCKS = YES;
				GCC_OPTIMIZATION_LEVEL = 0;
				GCC_PREPROCESSOR_DEFINITIONS = (
					"DEBUG=1",
					"$(inherited)",
				);
				GCC_WARN_64_TO_32_BIT_CONVERSION = YES;
				GCC_WARN_ABOUT_RETURN_TYPE = YES_ERROR;
				GCC_WARN_UNDECLARED_SELECTOR = YES;
				GCC_WARN_UNINITIALIZED_AUTOS = YES_AGGRESSIVE;
				GCC_WARN_UNUSED_FUNCTION = YES;
				GCC_WARN_UNUSED_VARIABLE = YES;
				IPHONEOS_DEPLOYMENT_TARGET = 12.1;
				MTL_ENABLE_DEBUG_INFO = INCLUDE_SOURCE;
				MTL_FAST_MATH = YES;
				ONLY_ACTIVE_ARCH = YES;
				SDKROOT = iphoneos;
				SWIFT_ACTIVE_COMPILATION_CONDITIONS = DEBUG;
				SWIFT_OPTIMIZATION_LEVEL = "-Onone";
			};
			name = Debug;
		};
		A71916172258113D00114400 /* Release */ = {
			isa = XCBuildConfiguration;
			buildSettings = {
				ALWAYS_SEARCH_USER_PATHS = NO;
				CLANG_ANALYZER_NONNULL = YES;
				CLANG_ANALYZER_NUMBER_OBJECT_CONVERSION = YES_AGGRESSIVE;
				CLANG_CXX_LANGUAGE_STANDARD = "gnu++14";
				CLANG_CXX_LIBRARY = "libc++";
				CLANG_ENABLE_MODULES = YES;
				CLANG_ENABLE_OBJC_ARC = YES;
				CLANG_ENABLE_OBJC_WEAK = YES;
				CLANG_WARN_BLOCK_CAPTURE_AUTORELEASING = YES;
				CLANG_WARN_BOOL_CONVERSION = YES;
				CLANG_WARN_COMMA = YES;
				CLANG_WARN_CONSTANT_CONVERSION = YES;
				CLANG_WARN_DEPRECATED_OBJC_IMPLEMENTATIONS = YES;
				CLANG_WARN_DIRECT_OBJC_ISA_USAGE = YES_ERROR;
				CLANG_WARN_DOCUMENTATION_COMMENTS = YES;
				CLANG_WARN_EMPTY_BODY = YES;
				CLANG_WARN_ENUM_CONVERSION = YES;
				CLANG_WARN_INFINITE_RECURSION = YES;
				CLANG_WARN_INT_CONVERSION = YES;
				CLANG_WARN_NON_LITERAL_NULL_CONVERSION = YES;
				CLANG_WARN_OBJC_IMPLICIT_RETAIN_SELF = YES;
				CLANG_WARN_OBJC_LITERAL_CONVERSION = YES;
				CLANG_WARN_OBJC_ROOT_CLASS = YES_ERROR;
				CLANG_WARN_RANGE_LOOP_ANALYSIS = YES;
				CLANG_WARN_STRICT_PROTOTYPES = YES;
				CLANG_WARN_SUSPICIOUS_MOVE = YES;
				CLANG_WARN_UNGUARDED_AVAILABILITY = YES_AGGRESSIVE;
				CLANG_WARN_UNREACHABLE_CODE = YES;
				CLANG_WARN__DUPLICATE_METHOD_MATCH = YES;
				CODE_SIGN_IDENTITY = "iPhone Developer";
				COPY_PHASE_STRIP = NO;
				DEBUG_INFORMATION_FORMAT = "dwarf-with-dsym";
				ENABLE_NS_ASSERTIONS = NO;
				ENABLE_STRICT_OBJC_MSGSEND = YES;
				GCC_C_LANGUAGE_STANDARD = gnu11;
				GCC_NO_COMMON_BLOCKS = YES;
				GCC_WARN_64_TO_32_BIT_CONVERSION = YES;
				GCC_WARN_ABOUT_RETURN_TYPE = YES_ERROR;
				GCC_WARN_UNDECLARED_SELECTOR = YES;
				GCC_WARN_UNINITIALIZED_AUTOS = YES_AGGRESSIVE;
				GCC_WARN_UNUSED_FUNCTION = YES;
				GCC_WARN_UNUSED_VARIABLE = YES;
				IPHONEOS_DEPLOYMENT_TARGET = 12.1;
				MTL_ENABLE_DEBUG_INFO = NO;
				MTL_FAST_MATH = YES;
				SDKROOT = iphoneos;
				SWIFT_COMPILATION_MODE = wholemodule;
				SWIFT_OPTIMIZATION_LEVEL = "-O";
				VALIDATE_PRODUCT = YES;
			};
			name = Release;
		};
		A71916192258113D00114400 /* Debug */ = {
			isa = XCBuildConfiguration;
			buildSettings = {
				ASSETCATALOG_COMPILER_APPICON_NAME = AppIcon;
				CODE_SIGN_STYLE = Automatic;
				DEVELOPMENT_TEAM = L6682JJSD3;
				INFOPLIST_FILE = PhotoDemo/Info.plist;
				IPHONEOS_DEPLOYMENT_TARGET = 12.0;
				LD_RUNPATH_SEARCH_PATHS = (
					"$(inherited)",
					"@executable_path/Frameworks",
				);
				PRODUCT_BUNDLE_IDENTIFIER = com.ricardohui.PhotoDemo;
				PRODUCT_NAME = "$(TARGET_NAME)";
				SWIFT_VERSION = 4.2;
				TARGETED_DEVICE_FAMILY = "1,2";
			};
			name = Debug;
		};
		A719161A2258113D00114400 /* Release */ = {
			isa = XCBuildConfiguration;
			buildSettings = {
				ASSETCATALOG_COMPILER_APPICON_NAME = AppIcon;
				CODE_SIGN_STYLE = Automatic;
				DEVELOPMENT_TEAM = L6682JJSD3;
				INFOPLIST_FILE = PhotoDemo/Info.plist;
				IPHONEOS_DEPLOYMENT_TARGET = 12.0;
				LD_RUNPATH_SEARCH_PATHS = (
					"$(inherited)",
					"@executable_path/Frameworks",
				);
				PRODUCT_BUNDLE_IDENTIFIER = com.ricardohui.PhotoDemo;
				PRODUCT_NAME = "$(TARGET_NAME)";
				SWIFT_VERSION = 4.2;
				TARGETED_DEVICE_FAMILY = "1,2";
			};
			name = Release;
		};
		A719161C2258113D00114400 /* Debug */ = {
			isa = XCBuildConfiguration;
			buildSettings = {
				ALWAYS_EMBED_SWIFT_STANDARD_LIBRARIES = YES;
				BUNDLE_LOADER = "$(TEST_HOST)";
				CODE_SIGN_STYLE = Automatic;
				DEVELOPMENT_TEAM = L6682JJSD3;
				INFOPLIST_FILE = PhotoDemoTests/Info.plist;
				LD_RUNPATH_SEARCH_PATHS = (
					"$(inherited)",
					"@executable_path/Frameworks",
					"@loader_path/Frameworks",
				);
				PRODUCT_BUNDLE_IDENTIFIER = com.ricardohui.PhotoDemoTests;
				PRODUCT_NAME = "$(TARGET_NAME)";
				SWIFT_VERSION = 4.2;
				TARGETED_DEVICE_FAMILY = "1,2";
				TEST_HOST = "$(BUILT_PRODUCTS_DIR)/PhotoDemo.app/PhotoDemo";
			};
			name = Debug;
		};
		A719161D2258113D00114400 /* Release */ = {
			isa = XCBuildConfiguration;
			buildSettings = {
				ALWAYS_EMBED_SWIFT_STANDARD_LIBRARIES = YES;
				BUNDLE_LOADER = "$(TEST_HOST)";
				CODE_SIGN_STYLE = Automatic;
				DEVELOPMENT_TEAM = L6682JJSD3;
				INFOPLIST_FILE = PhotoDemoTests/Info.plist;
				LD_RUNPATH_SEARCH_PATHS = (
					"$(inherited)",
					"@executable_path/Frameworks",
					"@loader_path/Frameworks",
				);
				PRODUCT_BUNDLE_IDENTIFIER = com.ricardohui.PhotoDemoTests;
				PRODUCT_NAME = "$(TARGET_NAME)";
				SWIFT_VERSION = 4.2;
				TARGETED_DEVICE_FAMILY = "1,2";
				TEST_HOST = "$(BUILT_PRODUCTS_DIR)/PhotoDemo.app/PhotoDemo";
			};
			name = Release;
		};
		A719161F2258113D00114400 /* Debug */ = {
			isa = XCBuildConfiguration;
			buildSettings = {
				ALWAYS_EMBED_SWIFT_STANDARD_LIBRARIES = YES;
				CODE_SIGN_STYLE = Automatic;
				DEVELOPMENT_TEAM = L6682JJSD3;
				INFOPLIST_FILE = PhotoDemoUITests/Info.plist;
				LD_RUNPATH_SEARCH_PATHS = (
					"$(inherited)",
					"@executable_path/Frameworks",
					"@loader_path/Frameworks",
				);
				PRODUCT_BUNDLE_IDENTIFIER = com.ricardohui.PhotoDemoUITests;
				PRODUCT_NAME = "$(TARGET_NAME)";
				SWIFT_VERSION = 4.2;
				TARGETED_DEVICE_FAMILY = "1,2";
				TEST_TARGET_NAME = PhotoDemo;
			};
			name = Debug;
		};
		A71916202258113D00114400 /* Release */ = {
			isa = XCBuildConfiguration;
			buildSettings = {
				ALWAYS_EMBED_SWIFT_STANDARD_LIBRARIES = YES;
				CODE_SIGN_STYLE = Automatic;
				DEVELOPMENT_TEAM = L6682JJSD3;
				INFOPLIST_FILE = PhotoDemoUITests/Info.plist;
				LD_RUNPATH_SEARCH_PATHS = (
					"$(inherited)",
					"@executable_path/Frameworks",
					"@loader_path/Frameworks",
				);
				PRODUCT_BUNDLE_IDENTIFIER = com.ricardohui.PhotoDemoUITests;
				PRODUCT_NAME = "$(TARGET_NAME)";
				SWIFT_VERSION = 4.2;
				TARGETED_DEVICE_FAMILY = "1,2";
				TEST_TARGET_NAME = PhotoDemo;
			};
			name = Release;
		};
/* End XCBuildConfiguration section */

/* Begin XCConfigurationList section */
		A71915EB2258113500114400 /* Build configuration list for PBXProject "PhotoDemo" */ = {
			isa = XCConfigurationList;
			buildConfigurations = (
				A71916162258113D00114400 /* Debug */,
				A71916172258113D00114400 /* Release */,
			);
			defaultConfigurationIsVisible = 0;
			defaultConfigurationName = Release;
		};
		A71916182258113D00114400 /* Build configuration list for PBXNativeTarget "PhotoDemo" */ = {
			isa = XCConfigurationList;
			buildConfigurations = (
				A71916192258113D00114400 /* Debug */,
				A719161A2258113D00114400 /* Release */,
			);
			defaultConfigurationIsVisible = 0;
			defaultConfigurationName = Release;
		};
		A719161B2258113D00114400 /* Build configuration list for PBXNativeTarget "PhotoDemoTests" */ = {
			isa = XCConfigurationList;
			buildConfigurations = (
				A719161C2258113D00114400 /* Debug */,
				A719161D2258113D00114400 /* Release */,
			);
			defaultConfigurationIsVisible = 0;
			defaultConfigurationName = Release;
		};
		A719161E2258113D00114400 /* Build configuration list for PBXNativeTarget "PhotoDemoUITests" */ = {
			isa = XCConfigurationList;
			buildConfigurations = (
				A719161F2258113D00114400 /* Debug */,
				A71916202258113D00114400 /* Release */,
			);
			defaultConfigurationIsVisible = 0;
			defaultConfigurationName = Release;
		};
/* End XCConfigurationList section */
	};
	rootObject = A71915E82258113500114400 /* Project object */;
}
